
Microsoft Visual Studio Solution File, Format Version 12.00
# Visual Studio 15
VisualStudioVersion = 15.0.27703.2042
MinimumVisualStudioVersion = 10.0.40219.1
Project("{FAE04EC0-301F-11D3-BF4B-00C04F79EFBC}") = "SocketServer1", "SocketServer1\SocketServer1.csproj", "{4D0D4B98-5009-4324-B6B4-D35DADAC2634}"
EndProject
Global
	GlobalSection(SolutionConfigurationPlatforms) = preSolution
		Debug|Any CPU = Debug|Any CPU
		Release|Any CPU = Release|Any CPU
	EndGlobalSection
	GlobalSection(ProjectConfigurationPlatforms) = postSolution
		{4D0D4B98-5009-4324-B6B4-D35DADAC2634}.Debug|Any CPU.ActiveCfg = Debug|Any CPU
		{4D0D4B98-5009-4324-B6B4-D35DADAC2634}.Debug|Any CPU.Build.0 = Debug|Any CPU
		{4D0D4B98-5009-4324-B6B4-D35DADAC2634}.Release|Any CPU.ActiveCfg = Release|Any CPU
		{4D0D4B98-5009-4324-B6B4-D35DADAC2634}.Release|Any CPU.Build.0 = Release|Any CPU
	EndGlobalSection
	GlobalSection(SolutionProperties) = preSolution
		HideSolutionNode = FALSE
	EndGlobalSection
	GlobalSection(ExtensibilityGlobals) = postSolution
		SolutionGuid = {F3DD46F6-2EB0-4610-AE7C-F39119C7DC5D}
	EndGlobalSection
EndGlobal
